
Microsoft Visual Studio Solution File, Format Version 12.00
# Visual Studio Version 16
VisualStudioVersion = 16.0.29503.13
MinimumVisualStudioVersion = 10.0.40219.1
Project("{FAE04EC0-301F-11D3-BF4B-00C04F79EFBC}") = "MariGlobals", "src/MariGlobals/MariGlobals.csproj", "{EBFE3898-A4C0-402E-8CB9-1614A72CCEFE}"
EndProject
Global
	GlobalSection(SolutionConfigurationPlatforms) = preSolution
		Debug|Any CPU = Debug|Any CPU
		Release|Any CPU = Release|Any CPU
	EndGlobalSection
	GlobalSection(ProjectConfigurationPlatforms) = postSolution
		{EBFE3898-A4C0-402E-8CB9-1614A72CCEFE}.Debug|Any CPU.ActiveCfg = Debug|Any CPU
		{EBFE3898-A4C0-402E-8CB9-1614A72CCEFE}.Debug|Any CPU.Build.0 = Debug|Any CPU
		{EBFE3898-A4C0-402E-8CB9-1614A72CCEFE}.Release|Any CPU.ActiveCfg = Release|Any CPU
		{EBFE3898-A4C0-402E-8CB9-1614A72CCEFE}.Release|Any CPU.Build.0 = Release|Any CPU
	EndGlobalSection
	GlobalSection(SolutionProperties) = preSolution
		HideSolutionNode = FALSE
	EndGlobalSection
	GlobalSection(ExtensibilityGlobals) = postSolution
		SolutionGuid = {AE507B27-0FBD-4B6A-9AAE-87740A11B28C}
	EndGlobalSection
EndGlobal
